{
  "name": "export-table-pulgin-typescript",
  "version": "1.0.6",
  "lockfileVersion": 2,
  "requires": true,
  "packages": {
    "": {
      "name": "export-table-pulgin-typescript",
      "version": "1.0.6",
      "license": "ISC",
      "dependencies": {
        "@types/node": "^17.0.18",
        "chalk": "^2.4.2",
        "export-table-lib": "^1.0.22",
        "fs": "^0.0.1-security",
        "fs-extra": "^10.0.0",
        "fse": "^4.0.1"
      },
      "devDependencies": {
        "@types/fs-extra": "^9.0.13"
      }
    },
    "node_modules/@types/fs-extra": {
      "version": "9.0.13",
      "resolved": "https://registry.npmjs.org/@types/fs-extra/-/fs-extra-9.0.13.tgz",
      "integrity": "sha512-nEnwB++1u5lVDM2UI4c1+5R+FYaKfaAzS4OococimjVm3nQw3TuzH5UNsocrcTBbhnerblyHj4A49qXbIiZdpA==",
      "dev": true,
      "dependencies": {
        "@types/node": "*"
      }
    },
    "node_modules/@types/node": {
      "version": "17.0.21",
      "resolved": "https://registry.npmjs.org/@types/node/-/node-17.0.21.tgz",
      "integrity": "sha512-DBZCJbhII3r90XbQxI8Y9IjjiiOGlZ0Hr32omXIZvwwZ7p4DMMXGrKXVyPfuoBOri9XNtL0UK69jYIBIsRX3QQ=="
    },
    "node_modules/adler-32": {
      "version": "1.2.0",
      "resolved": "https://registry.npmjs.org/adler-32/-/adler-32-1.2.0.tgz",
      "integrity": "sha1-aj5r8KY5ALoVZSgIyxXGgT0aXyU=",
      "dependencies": {
        "exit-on-epipe": "~1.0.1",
        "printj": "~1.1.0"
      },
      "bin": {
        "adler32": "bin/adler32.njs"
      },
      "engines": {
        "node": ">=0.8"
      }
    },
    "node_modules/ansi-regex": {
      "version": "5.0.1",
      "resolved": "https://registry.npmjs.org/ansi-regex/-/ansi-regex-5.0.1.tgz",
      "integrity": "sha512-quJQXlTSUGL2LH9SUXo8VwsY4soanhgo6LNSm84E1LBcE8s3O0wpdiRzyR9z/ZZJMlMWv37qOOb9pdJlMUEKFQ==",
      "engines": {
        "node": ">=8"
      }
    },
    "node_modules/ansi-styles": {
      "version": "3.2.1",
      "resolved": "https://registry.npmjs.org/ansi-styles/-/ansi-styles-3.2.1.tgz",
      "integrity": "sha512-VT0ZI6kZRdTh8YyJw3SMbYm/u+NqfsAxEpWO0Pf9sq8/e94WxxOpPKx9FR1FlyCtOVDNOQ+8ntlqFxiRc+r5qA==",
      "dependencies": {
        "color-convert": "^1.9.0"
      },
      "engines": {
        "node": ">=4"
      }
    },
    "node_modules/buffer-from": {
      "version": "1.1.2",
      "resolved": "https://registry.npmjs.org/buffer-from/-/buffer-from-1.1.2.tgz",
      "integrity": "sha512-E+XQCRwSbaaiChtv6k6Dwgc+bx+Bs6vuKJHHl5kox/BaKbhiXzqQOwK4cO22yElGp2OCmjwVhT3HmxgyPGnJfQ=="
    },
    "node_modules/cfb": {
      "version": "1.2.1",
      "resolved": "https://registry.npmjs.org/cfb/-/cfb-1.2.1.tgz",
      "integrity": "sha512-wT2ScPAFGSVy7CY+aauMezZBnNrfnaLSrxHUHdea+Td/86vrk6ZquggV+ssBR88zNs0OnBkL2+lf9q0K+zVGzQ==",
      "dependencies": {
        "adler-32": "~1.3.0",
        "crc-32": "~1.2.0",
        "printj": "~1.3.0"
      },
      "engines": {
        "node": ">=0.8"
      }
    },
    "node_modules/cfb/node_modules/adler-32": {
      "version": "1.3.0",
      "resolved": "https://registry.npmjs.org/adler-32/-/adler-32-1.3.0.tgz",
      "integrity": "sha512-f5nltvjl+PRUh6YNfUstRaXwJxtfnKEWhAWWlmKvh+Y3J2+98a0KKVYDEhz6NdKGqswLhjNGznxfSsZGOvOd9g==",
      "dependencies": {
        "printj": "~1.2.2"
      },
      "engines": {
        "node": ">=0.8"
      }
    },
    "node_modules/cfb/node_modules/adler-32/node_modules/printj": {
      "version": "1.2.3",
      "resolved": "https://registry.npmjs.org/printj/-/printj-1.2.3.tgz",
      "integrity": "sha512-sanczS6xOJOg7IKDvi4sGOUOe7c1tsEzjwlLFH/zgwx/uyImVM9/rgBkc8AfiQa/Vg54nRd8mkm9yI7WV/O+WA==",
      "bin": {
        "printj": "bin/printj.njs"
      },
      "engines": {
        "node": ">=0.8"
      }
    },
    "node_modules/cfb/node_modules/printj": {
      "version": "1.3.1",
      "resolved": "https://registry.npmjs.org/printj/-/printj-1.3.1.tgz",
      "integrity": "sha512-GA3TdL8szPK4AQ2YnOe/b+Y1jUFwmmGMMK/qbY7VcE3Z7FU8JstbKiKRzO6CIiAKPhTO8m01NoQ0V5f3jc4OGg==",
      "bin": {
        "printj": "bin/printj.njs"
      },
      "engines": {
        "node": ">=0.8"
      }
    },
    "node_modules/chalk": {
      "version": "2.4.2",
      "resolved": "https://registry.npmjs.org/chalk/-/chalk-2.4.2.tgz",
      "integrity": "sha512-Mti+f9lpJNcwF4tWV8/OrTTtF1gZi+f8FqlyAdouralcFWFQWF2+NgCHShjkCb+IFBLq9buZwE1xckQU4peSuQ==",
      "dependencies": {
        "ansi-styles": "^3.2.1",
        "escape-string-regexp": "^1.0.5",
        "supports-color": "^5.3.0"
      },
      "engines": {
        "node": ">=4"
      }
    },
    "node_modules/cliui": {
      "version": "7.0.4",
      "resolved": "https://registry.npmjs.org/cliui/-/cliui-7.0.4.tgz",
      "integrity": "sha512-OcRE68cOsVMXp1Yvonl/fzkQOyjLSu/8bhPDfQt0e0/Eb283TKP20Fs2MqoPsr9SwA595rRCA+QMzYc9nBP+JQ==",
      "dependencies": {
        "string-width": "^4.2.0",
        "strip-ansi": "^6.0.0",
        "wrap-ansi": "^7.0.0"
      }
    },
    "node_modules/codepage": {
      "version": "1.14.0",
      "resolved": "https://registry.npmjs.org/codepage/-/codepage-1.14.0.tgz",
      "integrity": "sha1-jL4lSBMjVZ19MHVxsP/5HnodL5k=",
      "dependencies": {
        "commander": "~2.14.1",
        "exit-on-epipe": "~1.0.1"
      },
      "bin": {
        "codepage": "bin/codepage.njs"
      },
      "engines": {
        "node": ">=0.8"
      }
    },
    "node_modules/codepage/node_modules/commander": {
      "version": "2.14.1",
      "resolved": "https://registry.npmjs.org/commander/-/commander-2.14.1.tgz",
      "integrity": "sha512-+YR16o3rK53SmWHU3rEM3tPAh2rwb1yPcQX5irVn7mb0gXbwuCCrnkbV5+PBfETdfg1vui07nM6PCG1zndcjQw=="
    },
    "node_modules/color-convert": {
      "version": "1.9.3",
      "resolved": "https://registry.npmjs.org/color-convert/-/color-convert-1.9.3.tgz",
      "integrity": "sha512-QfAUtd+vFdAtFQcC8CCyYt1fYWxSqAiK2cSD6zDB8N3cpsEBAvRxp9zOGg6G/SHHJYAT88/az/IuDGALsNVbGg==",
      "dependencies": {
        "color-name": "1.1.3"
      }
    },
    "node_modules/color-name": {
      "version": "1.1.3",
      "resolved": "https://registry.npmjs.org/color-name/-/color-name-1.1.3.tgz",
      "integrity": "sha1-p9BVi9icQveV3UIyj3QIMcpTvCU="
    },
    "node_modules/commander": {
      "version": "2.17.1",
      "resolved": "https://registry.npmjs.org/commander/-/commander-2.17.1.tgz",
      "integrity": "sha512-wPMUt6FnH2yzG95SA6mzjQOEKUU3aLaDEmzs1ti+1E9h+CsrZghRlqEM/EJ4KscsQVG8uNN4uVreUeT8+drlgg=="
    },
    "node_modules/crc-32": {
      "version": "1.2.1",
      "resolved": "https://registry.npmjs.org/crc-32/-/crc-32-1.2.1.tgz",
      "integrity": "sha512-Dn/xm/1vFFgs3nfrpEVScHoIslO9NZRITWGz/1E/St6u4xw99vfZzVkW0OSnzx2h9egej9xwMCEut6sqwokM/w==",
      "dependencies": {
        "exit-on-epipe": "~1.0.1",
        "printj": "~1.3.1"
      },
      "bin": {
        "crc32": "bin/crc32.njs"
      },
      "engines": {
        "node": ">=0.8"
      }
    },
    "node_modules/crc-32/node_modules/printj": {
      "version": "1.3.1",
      "resolved": "https://registry.npmjs.org/printj/-/printj-1.3.1.tgz",
      "integrity": "sha512-GA3TdL8szPK4AQ2YnOe/b+Y1jUFwmmGMMK/qbY7VcE3Z7FU8JstbKiKRzO6CIiAKPhTO8m01NoQ0V5f3jc4OGg==",
      "bin": {
        "printj": "bin/printj.njs"
      },
      "engines": {
        "node": ">=0.8"
      }
    },
    "node_modules/emoji-regex": {
      "version": "8.0.0",
      "resolved": "https://registry.npmjs.org/emoji-regex/-/emoji-regex-8.0.0.tgz",
      "integrity": "sha512-MSjYzcWNOA0ewAHpz0MxpYFvwg6yjy1NG3xteoqz644VCo/RPgnr1/GGt+ic3iJTzQ8Eu3TdM14SawnVUmGE6A=="
    },
    "node_modules/escalade": {
      "version": "3.1.1",
      "resolved": "https://registry.npmjs.org/escalade/-/escalade-3.1.1.tgz",
      "integrity": "sha512-k0er2gUkLf8O0zKJiAhmkTnJlTvINGv7ygDNPbeIsX/TJjGJZHuh9B2UxbsaEkmlEo9MfhrSzmhIlhRlI2GXnw==",
      "engines": {
        "node": ">=6"
      }
    },
    "node_modules/escape-string-regexp": {
      "version": "1.0.5",
      "resolved": "https://registry.npmjs.org/escape-string-regexp/-/escape-string-regexp-1.0.5.tgz",
      "integrity": "sha1-G2HAViGQqN/2rjuyzwIAyhMLhtQ=",
      "engines": {
        "node": ">=0.8.0"
      }
    },
    "node_modules/exit-on-epipe": {
      "version": "1.0.1",
      "resolved": "https://registry.npmjs.org/exit-on-epipe/-/exit-on-epipe-1.0.1.tgz",
      "integrity": "sha512-h2z5mrROTxce56S+pnvAV890uu7ls7f1kEvVGJbw1OlFH3/mlJ5bkXu0KRyW94v37zzHPiUd55iLn3DA7TjWpw==",
      "engines": {
        "node": ">=0.8"
      }
    },
    "node_modules/export-table-lib": {
      "version": "1.0.22",
      "resolved": "https://registry.npmjs.org/export-table-lib/-/export-table-lib-1.0.22.tgz",
      "integrity": "sha512-cH7QRbv9rMJZvd0uJV0CnicHHA8/ncciIvqKhZi4BDF+/gpyzPtrvGUHI1avzgLfuZO93Cdirg6wXHEWksd3Qw==",
      "dependencies": {
        "buffer-from": "^1.1.1",
        "chalk": "^2.4.2",
        "fs-extra": "^8.0.1",
        "pako": "^1.0.10",
        "typescript": "^3.9.5",
        "xlsx-color": "^0.14.30",
        "xxtea-node": "^1.1.2",
        "yargs": "^17.3.1"
      }
    },
    "node_modules/export-table-lib/node_modules/fs-extra": {
      "version": "8.1.0",
      "resolved": "https://registry.npmjs.org/fs-extra/-/fs-extra-8.1.0.tgz",
      "integrity": "sha512-yhlQgA6mnOJUKOsRUFsgJdQCvkKhcz8tlZG5HBQfReYZy46OwLcY+Zia0mtdHsOo9y/hP+CxMN0TU9QxoOtG4g==",
      "dependencies": {
        "graceful-fs": "^4.2.0",
        "jsonfile": "^4.0.0",
        "universalify": "^0.1.0"
      },
      "engines": {
        "node": ">=6 <7 || >=8"
      }
    },
    "node_modules/export-table-lib/node_modules/jsonfile": {
      "version": "4.0.0",
      "resolved": "https://registry.npmjs.org/jsonfile/-/jsonfile-4.0.0.tgz",
      "integrity": "sha1-h3Gq4HmbZAdrdmQPygWPnBDjPss=",
      "optionalDependencies": {
        "graceful-fs": "^4.1.6"
      }
    },
    "node_modules/export-table-lib/node_modules/universalify": {
      "version": "0.1.2",
      "resolved": "https://registry.npmjs.org/universalify/-/universalify-0.1.2.tgz",
      "integrity": "sha512-rBJeI5CXAlmy1pV+617WB9J63U6XcazHHF2f2dbJix4XzpUF0RS3Zbj0FGIOCAva5P/d/GBOYaACQ1w+0azUkg==",
      "engines": {
        "node": ">= 4.0.0"
      }
    },
    "node_modules/frac": {
      "version": "1.1.2",
      "resolved": "https://registry.npmjs.org/frac/-/frac-1.1.2.tgz",
      "integrity": "sha512-w/XBfkibaTl3YDqASwfDUqkna4Z2p9cFSr1aHDt0WoMTECnRfBOv2WArlZILlqgWlmdIlALXGpM2AOhEk5W3IA==",
      "engines": {
        "node": ">=0.8"
      }
    },
    "node_modules/fs": {
      "version": "0.0.1-security",
      "resolved": "https://registry.npmjs.org/fs/-/fs-0.0.1-security.tgz",
      "integrity": "sha1-invTcYa23d84E/I4WLV+yq9eQdQ="
    },
    "node_modules/fs-extra": {
      "version": "10.0.1",
      "resolved": "https://registry.npmjs.org/fs-extra/-/fs-extra-10.0.1.tgz",
      "integrity": "sha512-NbdoVMZso2Lsrn/QwLXOy6rm0ufY2zEOKCDzJR/0kBsb0E6qed0P3iYK+Ath3BfvXEeu4JhEtXLgILx5psUfag==",
      "dependencies": {
        "graceful-fs": "^4.2.0",
        "jsonfile": "^6.0.1",
        "universalify": "^2.0.0"
      },
      "engines": {
        "node": ">=12"
      }
    },
    "node_modules/fse": {
      "version": "4.0.1",
      "resolved": "https://registry.npmjs.org/fse/-/fse-4.0.1.tgz",
      "integrity": "sha512-5XLUrweQvJxSJKhBe3XjimHSJ2EUhYOG+K2tLQy8I9kp78Fa3CgUXqxAZWxE9+fsvnI5GVkHl4NDqbf1tSb93Q==",
      "engines": {
        "node": ">=4.0.0"
      }
    },
    "node_modules/get-caller-file": {
      "version": "2.0.5",
      "resolved": "https://registry.npmjs.org/get-caller-file/-/get-caller-file-2.0.5.tgz",
      "integrity": "sha512-DyFP3BM/3YHTQOCUL/w0OZHR0lpKeGrxotcHWcqNEdnltqFwXVfhEBQ94eIo34AfQpo0rGki4cyIiftY06h2Fg==",
      "engines": {
        "node": "6.* || 8.* || >= 10.*"
      }
    },
    "node_modules/graceful-fs": {
      "version": "4.2.9",
      "resolved": "https://registry.npmjs.org/graceful-fs/-/graceful-fs-4.2.9.tgz",
      "integrity": "sha512-NtNxqUcXgpW2iMrfqSfR73Glt39K+BLwWsPs94yR63v45T0Wbej7eRmL5cWfwEgqXnmjQp3zaJTshdRW/qC2ZQ=="
    },
    "node_modules/has-flag": {
      "version": "3.0.0",
      "resolved": "https://registry.npmjs.org/has-flag/-/has-flag-3.0.0.tgz",
      "integrity": "sha1-tdRU3CGZriJWmfNGfloH87lVuv0=",
      "engines": {
        "node": ">=4"
      }
    },
    "node_modules/is-fullwidth-code-point": {
      "version": "3.0.0",
      "resolved": "https://registry.npmjs.org/is-fullwidth-code-point/-/is-fullwidth-code-point-3.0.0.tgz",
      "integrity": "sha512-zymm5+u+sCsSWyD9qNaejV3DFvhCKclKdizYaJUuHA83RLjb7nSuGnddCHGv0hk+KY7BMAlsWeK4Ueg6EV6XQg==",
      "engines": {
        "node": ">=8"
      }
    },
    "node_modules/jsonfile": {
      "version": "6.1.0",
      "resolved": "https://registry.npmjs.org/jsonfile/-/jsonfile-6.1.0.tgz",
      "integrity": "sha512-5dgndWOriYSm5cnYaJNhalLNDKOqFwyDB/rr1E9ZsGciGvKPs8R2xYGCacuf3z6K1YKDz182fd+fY3cn3pMqXQ==",
      "dependencies": {
        "universalify": "^2.0.0"
      },
      "optionalDependencies": {
        "graceful-fs": "^4.1.6"
      }
    },
    "node_modules/pako": {
      "version": "1.0.11",
      "resolved": "https://registry.npmjs.org/pako/-/pako-1.0.11.tgz",
      "integrity": "sha512-4hLB8Py4zZce5s4yd9XzopqwVv/yGNhV1Bl8NTmCq1763HeK2+EwVTv+leGeL13Dnh2wfbqowVPXCIO0z4taYw=="
    },
    "node_modules/printj": {
      "version": "1.1.2",
      "resolved": "https://registry.npmjs.org/printj/-/printj-1.1.2.tgz",
      "integrity": "sha512-zA2SmoLaxZyArQTOPj5LXecR+RagfPSU5Kw1qP+jkWeNlrq+eJZyY2oS68SU1Z/7/myXM4lo9716laOFAVStCQ==",
      "bin": {
        "printj": "bin/printj.njs"
      },
      "engines": {
        "node": ">=0.8"
      }
    },
    "node_modules/require-directory": {
      "version": "2.1.1",
      "resolved": "https://registry.npmjs.org/require-directory/-/require-directory-2.1.1.tgz",
      "integrity": "sha1-jGStX9MNqxyXbiNE/+f3kqam30I=",
      "engines": {
        "node": ">=0.10.0"
      }
    },
    "node_modules/ssf": {
      "version": "0.10.3",
      "resolved": "https://registry.npmjs.org/ssf/-/ssf-0.10.3.tgz",
      "integrity": "sha512-pRuUdW0WwyB2doSqqjWyzwCD6PkfxpHAHdZp39K3dp/Hq7f+xfMwNAWIi16DyrRg4gg9c/RvLYkJTSawTPTm1w==",
      "dependencies": {
        "frac": "~1.1.2"
      },
      "bin": {
        "ssf": "bin/ssf.njs"
      },
      "engines": {
        "node": ">=0.8"
      }
    },
    "node_modules/string-width": {
      "version": "4.2.3",
      "resolved": "https://registry.npmjs.org/string-width/-/string-width-4.2.3.tgz",
      "integrity": "sha512-wKyQRQpjJ0sIp62ErSZdGsjMJWsap5oRNihHhu6G7JVO/9jIB6UyevL+tXuOqrng8j/cxKTWyWUwvSTriiZz/g==",
      "dependencies": {
        "emoji-regex": "^8.0.0",
        "is-fullwidth-code-point": "^3.0.0",
        "strip-ansi": "^6.0.1"
      },
      "engines": {
        "node": ">=8"
      }
    },
    "node_modules/strip-ansi": {
      "version": "6.0.1",
      "resolved": "https://registry.npmjs.org/strip-ansi/-/strip-ansi-6.0.1.tgz",
      "integrity": "sha512-Y38VPSHcqkFrCpFnQ9vuSXmquuv5oXOKpGeT6aGrr3o3Gc9AlVa6JBfUSOCnbxGGZF+/0ooI7KrPuUSztUdU5A==",
      "dependencies": {
        "ansi-regex": "^5.0.1"
      },
      "engines": {
        "node": ">=8"
      }
    },
    "node_modules/supports-color": {
      "version": "5.5.0",
      "resolved": "https://registry.npmjs.org/supports-color/-/supports-color-5.5.0.tgz",
      "integrity": "sha512-QjVjwdXIt408MIiAqCX4oUKsgU2EqAGzs2Ppkm4aQYbjm+ZEWEcW4SfFNTr4uMNZma0ey4f5lgLrkB0aX0QMow==",
      "dependencies": {
        "has-flag": "^3.0.0"
      },
      "engines": {
        "node": ">=4"
      }
    },
    "node_modules/typescript": {
      "version": "3.9.10",
      "resolved": "https://registry.npmjs.org/typescript/-/typescript-3.9.10.tgz",
      "integrity": "sha512-w6fIxVE/H1PkLKcCPsFqKE7Kv7QUwhU8qQY2MueZXWx5cPZdwFupLgKK3vntcK98BtNHZtAF4LA/yl2a7k8R6Q==",
      "bin": {
        "tsc": "bin/tsc",
        "tsserver": "bin/tsserver"
      },
      "engines": {
        "node": ">=4.2.0"
      }
    },
    "node_modules/universalify": {
      "version": "2.0.0",
      "resolved": "https://registry.npmjs.org/universalify/-/universalify-2.0.0.tgz",
      "integrity": "sha512-hAZsKq7Yy11Zu1DE0OzWjw7nnLZmJZYTDZZyEFHZdUhV8FkH5MCfoU1XMaxXovpyW5nq5scPqq0ZDP9Zyl04oQ==",
      "engines": {
        "node": ">= 10.0.0"
      }
    },
    "node_modules/wrap-ansi": {
      "version": "7.0.0",
      "resolved": "https://registry.npmjs.org/wrap-ansi/-/wrap-ansi-7.0.0.tgz",
      "integrity": "sha512-YVGIj2kamLSTxw6NsZjoBxfSwsn0ycdesmc4p+Q21c5zPuZ1pl+NfxVdxPtdHvmNVOQ6XSYG4AUtyt/Fi7D16Q==",
      "dependencies": {
        "ansi-styles": "^4.0.0",
        "string-width": "^4.1.0",
        "strip-ansi": "^6.0.0"
      },
      "engines": {
        "node": ">=10"
      },
      "funding": {
        "url": "https://github.com/chalk/wrap-ansi?sponsor=1"
      }
    },
    "node_modules/wrap-ansi/node_modules/ansi-styles": {
      "version": "4.3.0",
      "resolved": "https://registry.npmjs.org/ansi-styles/-/ansi-styles-4.3.0.tgz",
      "integrity": "sha512-zbB9rCJAT1rbjiVDb2hqKFHNYLxgtk8NURxZ3IZwD3F6NtxbXZQCnnSi1Lkx+IDohdPlFp222wVALIheZJQSEg==",
      "dependencies": {
        "color-convert": "^2.0.1"
      },
      "engines": {
        "node": ">=8"
      },
      "funding": {
        "url": "https://github.com/chalk/ansi-styles?sponsor=1"
      }
    },
    "node_modules/wrap-ansi/node_modules/color-convert": {
      "version": "2.0.1",
      "resolved": "https://registry.npmjs.org/color-convert/-/color-convert-2.0.1.tgz",
      "integrity": "sha512-RRECPsj7iu/xb5oKYcsFHSppFNnsj/52OVTRKb4zP5onXwVF3zVmmToNcOfGC+CRDpfK/U584fMg38ZHCaElKQ==",
      "dependencies": {
        "color-name": "~1.1.4"
      },
      "engines": {
        "node": ">=7.0.0"
      }
    },
    "node_modules/wrap-ansi/node_modules/color-name": {
      "version": "1.1.4",
      "resolved": "https://registry.npmjs.org/color-name/-/color-name-1.1.4.tgz",
      "integrity": "sha512-dOy+3AuW3a2wNbZHIuMZpTcgjGuLU/uBL/ubcZF9OXbDo8ff4O8yVp5Bf0efS8uEoYo5q4Fx7dY9OgQGXgAsQA=="
    },
    "node_modules/xlsx-color": {
      "version": "0.14.30",
      "resolved": "https://registry.npmjs.org/xlsx-color/-/xlsx-color-0.14.30.tgz",
      "integrity": "sha512-8pwdUsL8aZQLKaYceKYaKjHlMyyUZU2MbYJhLLtaCGuEiQ+tEr7AwZUadJ3gl6xbkdsFQ182psg8i6A6BE67cA==",
      "dependencies": {
        "adler-32": "~1.2.0",
        "cfb": "^1.1.0",
        "codepage": "~1.14.0",
        "commander": "~2.17.1",
        "crc-32": "~1.2.0",
        "exit-on-epipe": "~1.0.1",
        "ssf": "~0.10.2"
      },
      "bin": {
        "xlsx": "bin/xlsx.njs"
      },
      "engines": {
        "node": ">=0.8"
      }
    },
    "node_modules/xxtea-node": {
      "version": "1.1.4",
      "resolved": "https://registry.npmjs.org/xxtea-node/-/xxtea-node-1.1.4.tgz",
      "integrity": "sha512-N179k/l757ifqmi/a5HhYt4HwpF+gFptsXLDeo2LNi86DCEZSPJ57sJ3zJ2z5zuaIF/dbcimAvoOrqnCGXJiBg==",
      "engines": {
        "node": "*"
      }
    },
    "node_modules/y18n": {
      "version": "5.0.8",
      "resolved": "https://registry.npmjs.org/y18n/-/y18n-5.0.8.tgz",
      "integrity": "sha512-0pfFzegeDWJHJIAmTLRP2DwHjdF5s7jo9tuztdQxAhINCdvS+3nGINqPd00AphqJR/0LhANUS6/+7SCb98YOfA==",
      "engines": {
        "node": ">=10"
      }
    },
    "node_modules/yargs": {
      "version": "17.3.1",
      "resolved": "https://registry.npmjs.org/yargs/-/yargs-17.3.1.tgz",
      "integrity": "sha512-WUANQeVgjLbNsEmGk20f+nlHgOqzRFpiGWVaBrYGYIGANIIu3lWjoyi0fNlFmJkvfhCZ6BXINe7/W2O2bV4iaA==",
      "dependencies": {
        "cliui": "^7.0.2",
        "escalade": "^3.1.1",
        "get-caller-file": "^2.0.5",
        "require-directory": "^2.1.1",
        "string-width": "^4.2.3",
        "y18n": "^5.0.5",
        "yargs-parser": "^21.0.0"
      },
      "engines": {
        "node": ">=12"
      }
    },
    "node_modules/yargs-parser": {
      "version": "21.0.1",
      "resolved": "https://registry.npmjs.org/yargs-parser/-/yargs-parser-21.0.1.tgz",
      "integrity": "sha512-9BK1jFpLzJROCI5TzwZL/TU4gqjK5xiHV/RfWLOahrjAko/e4DJkRDZQXfvqAsiZzzYhgAzbgz6lg48jcm4GLg==",
      "engines": {
        "node": ">=12"
      }
    }
  },
  "dependencies": {
    "@types/fs-extra": {
      "version": "9.0.13",
      "resolved": "https://registry.npmjs.org/@types/fs-extra/-/fs-extra-9.0.13.tgz",
      "integrity": "sha512-nEnwB++1u5lVDM2UI4c1+5R+FYaKfaAzS4OococimjVm3nQw3TuzH5UNsocrcTBbhnerblyHj4A49qXbIiZdpA==",
      "dev": true,
      "requires": {
        "@types/node": "*"
      }
    },
    "@types/node": {
      "version": "17.0.21",
      "resolved": "https://registry.npmjs.org/@types/node/-/node-17.0.21.tgz",
      "integrity": "sha512-DBZCJbhII3r90XbQxI8Y9IjjiiOGlZ0Hr32omXIZvwwZ7p4DMMXGrKXVyPfuoBOri9XNtL0UK69jYIBIsRX3QQ=="
    },
    "adler-32": {
      "version": "1.2.0",
      "resolved": "https://registry.npmjs.org/adler-32/-/adler-32-1.2.0.tgz",
      "integrity": "sha1-aj5r8KY5ALoVZSgIyxXGgT0aXyU=",
      "requires": {
        "exit-on-epipe": "~1.0.1",
        "printj": "~1.1.0"
      }
    },
    "ansi-regex": {
      "version": "5.0.1",
      "resolved": "https://registry.npmjs.org/ansi-regex/-/ansi-regex-5.0.1.tgz",
      "integrity": "sha512-quJQXlTSUGL2LH9SUXo8VwsY4soanhgo6LNSm84E1LBcE8s3O0wpdiRzyR9z/ZZJMlMWv37qOOb9pdJlMUEKFQ=="
    },
    "ansi-styles": {
      "version": "3.2.1",
      "resolved": "https://registry.npmjs.org/ansi-styles/-/ansi-styles-3.2.1.tgz",
      "integrity": "sha512-VT0ZI6kZRdTh8YyJw3SMbYm/u+NqfsAxEpWO0Pf9sq8/e94WxxOpPKx9FR1FlyCtOVDNOQ+8ntlqFxiRc+r5qA==",
      "requires": {
        "color-convert": "^1.9.0"
      }
    },
    "buffer-from": {
      "version": "1.1.2",
      "resolved": "https://registry.npmjs.org/buffer-from/-/buffer-from-1.1.2.tgz",
      "integrity": "sha512-E+XQCRwSbaaiChtv6k6Dwgc+bx+Bs6vuKJHHl5kox/BaKbhiXzqQOwK4cO22yElGp2OCmjwVhT3HmxgyPGnJfQ=="
    },
    "cfb": {
      "version": "1.2.1",
      "resolved": "https://registry.npmjs.org/cfb/-/cfb-1.2.1.tgz",
      "integrity": "sha512-wT2ScPAFGSVy7CY+aauMezZBnNrfnaLSrxHUHdea+Td/86vrk6ZquggV+ssBR88zNs0OnBkL2+lf9q0K+zVGzQ==",
      "requires": {
        "adler-32": "~1.3.0",
        "crc-32": "~1.2.0",
        "printj": "~1.3.0"
      },
      "dependencies": {
        "adler-32": {
          "version": "1.3.0",
          "resolved": "https://registry.npmjs.org/adler-32/-/adler-32-1.3.0.tgz",
          "integrity": "sha512-f5nltvjl+PRUh6YNfUstRaXwJxtfnKEWhAWWlmKvh+Y3J2+98a0KKVYDEhz6NdKGqswLhjNGznxfSsZGOvOd9g==",
          "requires": {
            "printj": "~1.2.2"
          },
          "dependencies": {
            "printj": {
              "version": "1.2.3",
              "resolved": "https://registry.npmjs.org/printj/-/printj-1.2.3.tgz",
              "integrity": "sha512-sanczS6xOJOg7IKDvi4sGOUOe7c1tsEzjwlLFH/zgwx/uyImVM9/rgBkc8AfiQa/Vg54nRd8mkm9yI7WV/O+WA=="
            }
          }
        },
        "printj": {
          "version": "1.3.1",
          "resolved": "https://registry.npmjs.org/printj/-/printj-1.3.1.tgz",
          "integrity": "sha512-GA3TdL8szPK4AQ2YnOe/b+Y1jUFwmmGMMK/qbY7VcE3Z7FU8JstbKiKRzO6CIiAKPhTO8m01NoQ0V5f3jc4OGg=="
        }
      }
    },
    "chalk": {
      "version": "2.4.2",
      "resolved": "https://registry.npmjs.org/chalk/-/chalk-2.4.2.tgz",
      "integrity": "sha512-Mti+f9lpJNcwF4tWV8/OrTTtF1gZi+f8FqlyAdouralcFWFQWF2+NgCHShjkCb+IFBLq9buZwE1xckQU4peSuQ==",
      "requires": {
        "ansi-styles": "^3.2.1",
        "escape-string-regexp": "^1.0.5",
        "supports-color": "^5.3.0"
      }
    },
    "cliui": {
      "version": "7.0.4",
      "resolved": "https://registry.npmjs.org/cliui/-/cliui-7.0.4.tgz",
      "integrity": "sha512-OcRE68cOsVMXp1Yvonl/fzkQOyjLSu/8bhPDfQt0e0/Eb283TKP20Fs2MqoPsr9SwA595rRCA+QMzYc9nBP+JQ==",
      "requires": {
        "string-width": "^4.2.0",
        "strip-ansi": "^6.0.0",
        "wrap-ansi": "^7.0.0"
      }
    },
    "codepage": {
      "version": "1.14.0",
      "resolved": "https://registry.npmjs.org/codepage/-/codepage-1.14.0.tgz",
      "integrity": "sha1-jL4lSBMjVZ19MHVxsP/5HnodL5k=",
      "requires": {
        "commander": "~2.14.1",
        "exit-on-epipe": "~1.0.1"
      },
      "dependencies": {
        "commander": {
          "version": "2.14.1",
          "resolved": "https://registry.npmjs.org/commander/-/commander-2.14.1.tgz",
          "integrity": "sha512-+YR16o3rK53SmWHU3rEM3tPAh2rwb1yPcQX5irVn7mb0gXbwuCCrnkbV5+PBfETdfg1vui07nM6PCG1zndcjQw=="
        }
      }
    },
    "color-convert": {
      "version": "1.9.3",
      "resolved": "https://registry.npmjs.org/color-convert/-/color-convert-1.9.3.tgz",
      "integrity": "sha512-QfAUtd+vFdAtFQcC8CCyYt1fYWxSqAiK2cSD6zDB8N3cpsEBAvRxp9zOGg6G/SHHJYAT88/az/IuDGALsNVbGg==",
      "requires": {
        "color-name": "1.1.3"
      }
    },
    "color-name": {
      "version": "1.1.3",
      "resolved": "https://registry.npmjs.org/color-name/-/color-name-1.1.3.tgz",
      "integrity": "sha1-p9BVi9icQveV3UIyj3QIMcpTvCU="
    },
    "commander": {
      "version": "2.17.1",
      "resolved": "https://registry.npmjs.org/commander/-/commander-2.17.1.tgz",
      "integrity": "sha512-wPMUt6FnH2yzG95SA6mzjQOEKUU3aLaDEmzs1ti+1E9h+CsrZghRlqEM/EJ4KscsQVG8uNN4uVreUeT8+drlgg=="
    },
    "crc-32": {
      "version": "1.2.1",
      "resolved": "https://registry.npmjs.org/crc-32/-/crc-32-1.2.1.tgz",
      "integrity": "sha512-Dn/xm/1vFFgs3nfrpEVScHoIslO9NZRITWGz/1E/St6u4xw99vfZzVkW0OSnzx2h9egej9xwMCEut6sqwokM/w==",
      "requires": {
        "exit-on-epipe": "~1.0.1",
        "printj": "~1.3.1"
      },
      "dependencies": {
        "printj": {
          "version": "1.3.1",
          "resolved": "https://registry.npmjs.org/printj/-/printj-1.3.1.tgz",
          "integrity": "sha512-GA3TdL8szPK4AQ2YnOe/b+Y1jUFwmmGMMK/qbY7VcE3Z7FU8JstbKiKRzO6CIiAKPhTO8m01NoQ0V5f3jc4OGg=="
        }
      }
    },
    "emoji-regex": {
      "version": "8.0.0",
      "resolved": "https://registry.npmjs.org/emoji-regex/-/emoji-regex-8.0.0.tgz",
      "integrity": "sha512-MSjYzcWNOA0ewAHpz0MxpYFvwg6yjy1NG3xteoqz644VCo/RPgnr1/GGt+ic3iJTzQ8Eu3TdM14SawnVUmGE6A=="
    },
    "escalade": {
      "version": "3.1.1",
      "resolved": "https://registry.npmjs.org/escalade/-/escalade-3.1.1.tgz",
      "integrity": "sha512-k0er2gUkLf8O0zKJiAhmkTnJlTvINGv7ygDNPbeIsX/TJjGJZHuh9B2UxbsaEkmlEo9MfhrSzmhIlhRlI2GXnw=="
    },
    "escape-string-regexp": {
      "version": "1.0.5",
      "resolved": "https://registry.npmjs.org/escape-string-regexp/-/escape-string-regexp-1.0.5.tgz",
      "integrity": "sha1-G2HAViGQqN/2rjuyzwIAyhMLhtQ="
    },
    "exit-on-epipe": {
      "version": "1.0.1",
      "resolved": "https://registry.npmjs.org/exit-on-epipe/-/exit-on-epipe-1.0.1.tgz",
      "integrity": "sha512-h2z5mrROTxce56S+pnvAV890uu7ls7f1kEvVGJbw1OlFH3/mlJ5bkXu0KRyW94v37zzHPiUd55iLn3DA7TjWpw=="
    },
    "export-table-lib": {
      "version": "1.0.22",
      "resolved": "https://registry.npmjs.org/export-table-lib/-/export-table-lib-1.0.22.tgz",
      "integrity": "sha512-cH7QRbv9rMJZvd0uJV0CnicHHA8/ncciIvqKhZi4BDF+/gpyzPtrvGUHI1avzgLfuZO93Cdirg6wXHEWksd3Qw==",
      "requires": {
        "buffer-from": "^1.1.1",
        "chalk": "^2.4.2",
        "fs-extra": "^8.0.1",
        "pako": "^1.0.10",
        "typescript": "^3.9.5",
        "xlsx-color": "^0.14.30",
        "xxtea-node": "^1.1.2",
        "yargs": "^17.3.1"
      },
      "dependencies": {
        "fs-extra": {
          "version": "8.1.0",
          "resolved": "https://registry.npmjs.org/fs-extra/-/fs-extra-8.1.0.tgz",
          "integrity": "sha512-yhlQgA6mnOJUKOsRUFsgJdQCvkKhcz8tlZG5HBQfReYZy46OwLcY+Zia0mtdHsOo9y/hP+CxMN0TU9QxoOtG4g==",
          "requires": {
            "graceful-fs": "^4.2.0",
            "jsonfile": "^4.0.0",
            "universalify": "^0.1.0"
          }
        },
        "jsonfile": {
          "version": "4.0.0",
          "resolved": "https://registry.npmjs.org/jsonfile/-/jsonfile-4.0.0.tgz",
          "integrity": "sha1-h3Gq4HmbZAdrdmQPygWPnBDjPss=",
          "requires": {
            "graceful-fs": "^4.1.6"
          }
        },
        "universalify": {
          "version": "0.1.2",
          "resolved": "https://registry.npmjs.org/universalify/-/universalify-0.1.2.tgz",
          "integrity": "sha512-rBJeI5CXAlmy1pV+617WB9J63U6XcazHHF2f2dbJix4XzpUF0RS3Zbj0FGIOCAva5P/d/GBOYaACQ1w+0azUkg=="
        }
      }
    },
    "frac": {
      "version": "1.1.2",
      "resolved": "https://registry.npmjs.org/frac/-/frac-1.1.2.tgz",
      "integrity": "sha512-w/XBfkibaTl3YDqASwfDUqkna4Z2p9cFSr1aHDt0WoMTECnRfBOv2WArlZILlqgWlmdIlALXGpM2AOhEk5W3IA=="
    },
    "fs": {
      "version": "0.0.1-security",
      "resolved": "https://registry.npmjs.org/fs/-/fs-0.0.1-security.tgz",
      "integrity": "sha1-invTcYa23d84E/I4WLV+yq9eQdQ="
    },
    "fs-extra": {
      "version": "10.0.1",
      "resolved": "https://registry.npmjs.org/fs-extra/-/fs-extra-10.0.1.tgz",
      "integrity": "sha512-NbdoVMZso2Lsrn/QwLXOy6rm0ufY2zEOKCDzJR/0kBsb0E6qed0P3iYK+Ath3BfvXEeu4JhEtXLgILx5psUfag==",
      "requires": {
        "graceful-fs": "^4.2.0",
        "jsonfile": "^6.0.1",
        "universalify": "^2.0.0"
      }
    },
    "fse": {
      "version": "4.0.1",
      "resolved": "https://registry.npmjs.org/fse/-/fse-4.0.1.tgz",
      "integrity": "sha512-5XLUrweQvJxSJKhBe3XjimHSJ2EUhYOG+K2tLQy8I9kp78Fa3CgUXqxAZWxE9+fsvnI5GVkHl4NDqbf1tSb93Q=="
    },
    "get-caller-file": {
      "version": "2.0.5",
      "resolved": "https://registry.npmjs.org/get-caller-file/-/get-caller-file-2.0.5.tgz",
      "integrity": "sha512-DyFP3BM/3YHTQOCUL/w0OZHR0lpKeGrxotcHWcqNEdnltqFwXVfhEBQ94eIo34AfQpo0rGki4cyIiftY06h2Fg=="
    },
    "graceful-fs": {
      "version": "4.2.9",
      "resolved": "https://registry.npmjs.org/graceful-fs/-/graceful-fs-4.2.9.tgz",
      "integrity": "sha512-NtNxqUcXgpW2iMrfqSfR73Glt39K+BLwWsPs94yR63v45T0Wbej7eRmL5cWfwEgqXnmjQp3zaJTshdRW/qC2ZQ=="
    },
    "has-flag": {
      "version": "3.0.0",
      "resolved": "https://registry.npmjs.org/has-flag/-/has-flag-3.0.0.tgz",
      "integrity": "sha1-tdRU3CGZriJWmfNGfloH87lVuv0="
    },
    "is-fullwidth-code-point": {
      "version": "3.0.0",
      "resolved": "https://registry.npmjs.org/is-fullwidth-code-point/-/is-fullwidth-code-point-3.0.0.tgz",
      "integrity": "sha512-zymm5+u+sCsSWyD9qNaejV3DFvhCKclKdizYaJUuHA83RLjb7nSuGnddCHGv0hk+KY7BMAlsWeK4Ueg6EV6XQg=="
    },
    "jsonfile": {
      "version": "6.1.0",
      "resolved": "https://registry.npmjs.org/jsonfile/-/jsonfile-6.1.0.tgz",
      "integrity": "sha512-5dgndWOriYSm5cnYaJNhalLNDKOqFwyDB/rr1E9ZsGciGvKPs8R2xYGCacuf3z6K1YKDz182fd+fY3cn3pMqXQ==",
      "requires": {
        "graceful-fs": "^4.1.6",
        "universalify": "^2.0.0"
      }
    },
    "pako": {
      "version": "1.0.11",
      "resolved": "https://registry.npmjs.org/pako/-/pako-1.0.11.tgz",
      "integrity": "sha512-4hLB8Py4zZce5s4yd9XzopqwVv/yGNhV1Bl8NTmCq1763HeK2+EwVTv+leGeL13Dnh2wfbqowVPXCIO0z4taYw=="
    },
    "printj": {
      "version": "1.1.2",
      "resolved": "https://registry.npmjs.org/printj/-/printj-1.1.2.tgz",
      "integrity": "sha512-zA2SmoLaxZyArQTOPj5LXecR+RagfPSU5Kw1qP+jkWeNlrq+eJZyY2oS68SU1Z/7/myXM4lo9716laOFAVStCQ=="
    },
    "require-directory": {
      "version": "2.1.1",
      "resolved": "https://registry.npmjs.org/require-directory/-/require-directory-2.1.1.tgz",
      "integrity": "sha1-jGStX9MNqxyXbiNE/+f3kqam30I="
    },
    "ssf": {
      "version": "0.10.3",
      "resolved": "https://registry.npmjs.org/ssf/-/ssf-0.10.3.tgz",
      "integrity": "sha512-pRuUdW0WwyB2doSqqjWyzwCD6PkfxpHAHdZp39K3dp/Hq7f+xfMwNAWIi16DyrRg4gg9c/RvLYkJTSawTPTm1w==",
      "requires": {
        "frac": "~1.1.2"
      }
    },
    "string-width": {
      "version": "4.2.3",
      "resolved": "https://registry.npmjs.org/string-width/-/string-width-4.2.3.tgz",
      "integrity": "sha512-wKyQRQpjJ0sIp62ErSZdGsjMJWsap5oRNihHhu6G7JVO/9jIB6UyevL+tXuOqrng8j/cxKTWyWUwvSTriiZz/g==",
      "requires": {
        "emoji-regex": "^8.0.0",
        "is-fullwidth-code-point": "^3.0.0",
        "strip-ansi": "^6.0.1"
      }
    },
    "strip-ansi": {
      "version": "6.0.1",
      "resolved": "https://registry.npmjs.org/strip-ansi/-/strip-ansi-6.0.1.tgz",
      "integrity": "sha512-Y38VPSHcqkFrCpFnQ9vuSXmquuv5oXOKpGeT6aGrr3o3Gc9AlVa6JBfUSOCnbxGGZF+/0ooI7KrPuUSztUdU5A==",
      "requires": {
        "ansi-regex": "^5.0.1"
      }
    },
    "supports-color": {
      "version": "5.5.0",
      "resolved": "https://registry.npmjs.org/supports-color/-/supports-color-5.5.0.tgz",
      "integrity": "sha512-QjVjwdXIt408MIiAqCX4oUKsgU2EqAGzs2Ppkm4aQYbjm+ZEWEcW4SfFNTr4uMNZma0ey4f5lgLrkB0aX0QMow==",
      "requires": {
        "has-flag": "^3.0.0"
      }
    },
    "typescript": {
      "version": "3.9.10",
      "resolved": "https://registry.npmjs.org/typescript/-/typescript-3.9.10.tgz",
      "integrity": "sha512-w6fIxVE/H1PkLKcCPsFqKE7Kv7QUwhU8qQY2MueZXWx5cPZdwFupLgKK3vntcK98BtNHZtAF4LA/yl2a7k8R6Q=="
    },
    "universalify": {
      "version": "2.0.0",
      "resolved": "https://registry.npmjs.org/universalify/-/universalify-2.0.0.tgz",
      "integrity": "sha512-hAZsKq7Yy11Zu1DE0OzWjw7nnLZmJZYTDZZyEFHZdUhV8FkH5MCfoU1XMaxXovpyW5nq5scPqq0ZDP9Zyl04oQ=="
    },
    "wrap-ansi": {
      "version": "7.0.0",
      "resolved": "https://registry.npmjs.org/wrap-ansi/-/wrap-ansi-7.0.0.tgz",
      "integrity": "sha512-YVGIj2kamLSTxw6NsZjoBxfSwsn0ycdesmc4p+Q21c5zPuZ1pl+NfxVdxPtdHvmNVOQ6XSYG4AUtyt/Fi7D16Q==",
      "requires": {
        "ansi-styles": "^4.0.0",
        "string-width": "^4.1.0",
        "strip-ansi": "^6.0.0"
      },
      "dependencies": {
        "ansi-styles": {
          "version": "4.3.0",
          "resolved": "https://registry.npmjs.org/ansi-styles/-/ansi-styles-4.3.0.tgz",
          "integrity": "sha512-zbB9rCJAT1rbjiVDb2hqKFHNYLxgtk8NURxZ3IZwD3F6NtxbXZQCnnSi1Lkx+IDohdPlFp222wVALIheZJQSEg==",
          "requires": {
            "color-convert": "^2.0.1"
          }
        },
        "color-convert": {
          "version": "2.0.1",
          "resolved": "https://registry.npmjs.org/color-convert/-/color-convert-2.0.1.tgz",
          "integrity": "sha512-RRECPsj7iu/xb5oKYcsFHSppFNnsj/52OVTRKb4zP5onXwVF3zVmmToNcOfGC+CRDpfK/U584fMg38ZHCaElKQ==",
          "requires": {
            "color-name": "~1.1.4"
          }
        },
        "color-name": {
          "version": "1.1.4",
          "resolved": "https://registry.npmjs.org/color-name/-/color-name-1.1.4.tgz",
          "integrity": "sha512-dOy+3AuW3a2wNbZHIuMZpTcgjGuLU/uBL/ubcZF9OXbDo8ff4O8yVp5Bf0efS8uEoYo5q4Fx7dY9OgQGXgAsQA=="
        }
      }
    },
    "xlsx-color": {
      "version": "0.14.30",
      "resolved": "https://registry.npmjs.org/xlsx-color/-/xlsx-color-0.14.30.tgz",
      "integrity": "sha512-8pwdUsL8aZQLKaYceKYaKjHlMyyUZU2MbYJhLLtaCGuEiQ+tEr7AwZUadJ3gl6xbkdsFQ182psg8i6A6BE67cA==",
      "requires": {
        "adler-32": "~1.2.0",
        "cfb": "^1.1.0",
        "codepage": "~1.14.0",
        "commander": "~2.17.1",
        "crc-32": "~1.2.0",
        "exit-on-epipe": "~1.0.1",
        "ssf": "~0.10.2"
      }
    },
    "xxtea-node": {
      "version": "1.1.4",
      "resolved": "https://registry.npmjs.org/xxtea-node/-/xxtea-node-1.1.4.tgz",
      "integrity": "sha512-N179k/l757ifqmi/a5HhYt4HwpF+gFptsXLDeo2LNi86DCEZSPJ57sJ3zJ2z5zuaIF/dbcimAvoOrqnCGXJiBg=="
    },
    "y18n": {
      "version": "5.0.8",
      "resolved": "https://registry.npmjs.org/y18n/-/y18n-5.0.8.tgz",
      "integrity": "sha512-0pfFzegeDWJHJIAmTLRP2DwHjdF5s7jo9tuztdQxAhINCdvS+3nGINqPd00AphqJR/0LhANUS6/+7SCb98YOfA=="
    },
    "yargs": {
      "version": "17.3.1",
      "resolved": "https://registry.npmjs.org/yargs/-/yargs-17.3.1.tgz",
      "integrity": "sha512-WUANQeVgjLbNsEmGk20f+nlHgOqzRFpiGWVaBrYGYIGANIIu3lWjoyi0fNlFmJkvfhCZ6BXINe7/W2O2bV4iaA==",
      "requires": {
        "cliui": "^7.0.2",
        "escalade": "^3.1.1",
        "get-caller-file": "^2.0.5",
        "require-directory": "^2.1.1",
        "string-width": "^4.2.3",
        "y18n": "^5.0.5",
        "yargs-parser": "^21.0.0"
      }
    },
    "yargs-parser": {
      "version": "21.0.1",
      "resolved": "https://registry.npmjs.org/yargs-parser/-/yargs-parser-21.0.1.tgz",
      "integrity": "sha512-9BK1jFpLzJROCI5TzwZL/TU4gqjK5xiHV/RfWLOahrjAko/e4DJkRDZQXfvqAsiZzzYhgAzbgz6lg48jcm4GLg=="
    }
  }
}
